
Microsoft Visual Studio Solution File, Format Version 12.00
# Visual Studio Version 16
VisualStudioVersion = 16.0.29009.5
MinimumVisualStudioVersion = 10.0.40219.1
Project("{FAE04EC0-301F-11D3-BF4B-00C04F79EFBC}") = "Z2PChallenge2", "Z2PChallenge2\Z2PChallenge2.csproj", "{94865270-061B-436A-8221-4209D8E53B8C}"
EndProject
Global
	GlobalSection(SolutionConfigurationPlatforms) = preSolution
		Debug|Any CPU = Debug|Any CPU
		Release|Any CPU = Release|Any CPU
	EndGlobalSection
	GlobalSection(ProjectConfigurationPlatforms) = postSolution
		{94865270-061B-436A-8221-4209D8E53B8C}.Debug|Any CPU.ActiveCfg = Debug|Any CPU
		{94865270-061B-436A-8221-4209D8E53B8C}.Debug|Any CPU.Build.0 = Debug|Any CPU
		{94865270-061B-436A-8221-4209D8E53B8C}.Release|Any CPU.ActiveCfg = Release|Any CPU
		{94865270-061B-436A-8221-4209D8E53B8C}.Release|Any CPU.Build.0 = Release|Any CPU
	EndGlobalSection
	GlobalSection(SolutionProperties) = preSolution
		HideSolutionNode = FALSE
	EndGlobalSection
	GlobalSection(ExtensibilityGlobals) = postSolution
		SolutionGuid = {B3C3BB80-156A-42C1-A6DF-9D3F4B58E535}
	EndGlobalSection
EndGlobal
